
Microsoft Visual Studio Solution File, Format Version 12.00
# Visual Studio Version 16
VisualStudioVersion = 16.0.32602.291
MinimumVisualStudioVersion = 10.0.40219.1
Project("{9A19103F-16F7-4668-BE54-9A1E7A4F7556}") = "Lamda", "Lamda.csproj", "{EB099519-1803-4754-94B6-F59D19352E52}"
EndProject
Global
	GlobalSection(SolutionConfigurationPlatforms) = preSolution
		Debug|Any CPU = Debug|Any CPU
		Release|Any CPU = Release|Any CPU
	EndGlobalSection
	GlobalSection(ProjectConfigurationPlatforms) = postSolution
		{EB099519-1803-4754-94B6-F59D19352E52}.Debug|Any CPU.ActiveCfg = Debug|Any CPU
		{EB099519-1803-4754-94B6-F59D19352E52}.Debug|Any CPU.Build.0 = Debug|Any CPU
		{EB099519-1803-4754-94B6-F59D19352E52}.Release|Any CPU.ActiveCfg = Release|Any CPU
		{EB099519-1803-4754-94B6-F59D19352E52}.Release|Any CPU.Build.0 = Release|Any CPU
	EndGlobalSection
	GlobalSection(SolutionProperties) = preSolution
		HideSolutionNode = FALSE
	EndGlobalSection
	GlobalSection(ExtensibilityGlobals) = postSolution
		SolutionGuid = {7E97C25B-8592-464F-A9CE-C8CA2B50BB5E}
	EndGlobalSection
EndGlobal
